
Microsoft Visual Studio Solution File, Format Version 12.00
# Visual Studio Version 17
VisualStudioVersion = 17.9.34723.18
MinimumVisualStudioVersion = 10.0.40219.1
Project("{FAE04EC0-301F-11D3-BF4B-00C04F79EFBC}") = "MyFirstApp", "MyFirstApp\MyFirstApp.csproj", "{7E52522E-12DD-4015-8A91-0302743DFCD8}"
EndProject
Project("{FAE04EC0-301F-11D3-BF4B-00C04F79EFBC}") = "RoadBook.CsharpBasic.Chapter01", "RoadBook.CsharpBasic.Chapter01\RoadBook.CsharpBasic.Chapter01.csproj", "{DE2B9071-596E-4F0E-85F6-B1F9C9832A76}"
EndProject
Global
	GlobalSection(SolutionConfigurationPlatforms) = preSolution
		Debug|Any CPU = Debug|Any CPU
		Release|Any CPU = Release|Any CPU
	EndGlobalSection
	GlobalSection(ProjectConfigurationPlatforms) = postSolution
		{7E52522E-12DD-4015-8A91-0302743DFCD8}.Debug|Any CPU.ActiveCfg = Debug|Any CPU
		{7E52522E-12DD-4015-8A91-0302743DFCD8}.Debug|Any CPU.Build.0 = Debug|Any CPU
		{7E52522E-12DD-4015-8A91-0302743DFCD8}.Release|Any CPU.ActiveCfg = Release|Any CPU
		{7E52522E-12DD-4015-8A91-0302743DFCD8}.Release|Any CPU.Build.0 = Release|Any CPU
		{DE2B9071-596E-4F0E-85F6-B1F9C9832A76}.Debug|Any CPU.ActiveCfg = Debug|Any CPU
		{DE2B9071-596E-4F0E-85F6-B1F9C9832A76}.Debug|Any CPU.Build.0 = Debug|Any CPU
		{DE2B9071-596E-4F0E-85F6-B1F9C9832A76}.Release|Any CPU.ActiveCfg = Release|Any CPU
		{DE2B9071-596E-4F0E-85F6-B1F9C9832A76}.Release|Any CPU.Build.0 = Release|Any CPU
	EndGlobalSection
	GlobalSection(SolutionProperties) = preSolution
		HideSolutionNode = FALSE
	EndGlobalSection
	GlobalSection(ExtensibilityGlobals) = postSolution
		SolutionGuid = {6045F8BD-1725-4C05-BECF-F7723EDA5968}
	EndGlobalSection
EndGlobal
